
Microsoft Visual Studio Solution File, Format Version 12.00
# Visual Studio Version 17
VisualStudioVersion = 17.8.34322.80
MinimumVisualStudioVersion = 10.0.40219.1
Project("{FAE04EC0-301F-11D3-BF4B-00C04F79EFBC}") = "HotelListing.API", "HotelListing.API\HotelListing.API.csproj", "{FA15467D-8194-4526-B641-35DC15F5E60B}"
EndProject
Project("{FAE04EC0-301F-11D3-BF4B-00C04F79EFBC}") = "HotelListingMinimal.API", "HotelListingMinimal.API\HotelListingMinimal.API.csproj", "{68A4D104-ED5E-4F18-91C2-E01448F6B0AF}"
EndProject
Global
	GlobalSection(SolutionConfigurationPlatforms) = preSolution
		Debug|Any CPU = Debug|Any CPU
		Release|Any CPU = Release|Any CPU
	EndGlobalSection
	GlobalSection(ProjectConfigurationPlatforms) = postSolution
		{FA15467D-8194-4526-B641-35DC15F5E60B}.Debug|Any CPU.ActiveCfg = Debug|Any CPU
		{FA15467D-8194-4526-B641-35DC15F5E60B}.Debug|Any CPU.Build.0 = Debug|Any CPU
		{FA15467D-8194-4526-B641-35DC15F5E60B}.Release|Any CPU.ActiveCfg = Release|Any CPU
		{FA15467D-8194-4526-B641-35DC15F5E60B}.Release|Any CPU.Build.0 = Release|Any CPU
		{68A4D104-ED5E-4F18-91C2-E01448F6B0AF}.Debug|Any CPU.ActiveCfg = Debug|Any CPU
		{68A4D104-ED5E-4F18-91C2-E01448F6B0AF}.Debug|Any CPU.Build.0 = Debug|Any CPU
		{68A4D104-ED5E-4F18-91C2-E01448F6B0AF}.Release|Any CPU.ActiveCfg = Release|Any CPU
		{68A4D104-ED5E-4F18-91C2-E01448F6B0AF}.Release|Any CPU.Build.0 = Release|Any CPU
	EndGlobalSection
	GlobalSection(SolutionProperties) = preSolution
		HideSolutionNode = FALSE
	EndGlobalSection
	GlobalSection(ExtensibilityGlobals) = postSolution
		SolutionGuid = {A586E2D1-A5C1-4DAD-B6F1-27ABB76A74B8}
	EndGlobalSection
EndGlobal
